// !$*UTF8*$!
{
	archiveVersion = 1;
	classes = {
	};
	objectVersion = 77;
	objects = {

/* Begin PBXBuildFile section */
		DC5B52B82EBBA39500D0439E /* MLX in Frameworks */ = {isa = PBXBuildFile; productRef = DC5B52B72EBBA39500D0439E /* MLX */; };
		DC5B52BA2EBBA39900D0439E /* MLXNN in Frameworks */ = {isa = PBXBuildFile; productRef = DC5B52B92EBBA39900D0439E /* MLXNN */; };
		DC5B52BC2EBBA3A900D0439E /* MLXFast in Frameworks */ = {isa = PBXBuildFile; productRef = DC5B52BB2EBBA3A900D0439E /* MLXFast */; };
		DC5B52BE2EBBA3AE00D0439E /* MLXRandom in Frameworks */ = {isa = PBXBuildFile; productRef = DC5B52BD2EBBA3AE00D0439E /* MLXRandom */; };
		DC5B52C02EBBA3B500D0439E /* MLXLMCommon in Frameworks */ = {isa = PBXBuildFile; productRef = DC5B52BF2EBBA3B500D0439E /* MLXLMCommon */; };
		DC5B52C22EBBA3BC00D0439E /* MLXVLM in Frameworks */ = {isa = PBXBuildFile; productRef = DC5B52C12EBBA3BC00D0439E /* MLXVLM */; };
		DC5B52C42EBBA3C000D0439E /* MLXLLM in Frameworks */ = {isa = PBXBuildFile; productRef = DC5B52C32EBBA3C000D0439E /* MLXLLM */; };
		DC9FFC632ED4831E00FE62FB /* food1.icon in Resources */ = {isa = PBXBuildFile; fileRef = DC9FFC622ED4831E00FE62FB /* food1.icon */; };
		DCD841F72EE038F800563D18 /* Auth in Frameworks */ = {isa = PBXBuildFile; productRef = DCD841F62EE038F800563D18 /* Auth */; };
		DCD841F92EE038F800563D18 /* Functions in Frameworks */ = {isa = PBXBuildFile; productRef = DCD841F82EE038F800563D18 /* Functions */; };
		DCD841FB2EE038F800563D18 /* PostgREST in Frameworks */ = {isa = PBXBuildFile; productRef = DCD841FA2EE038F800563D18 /* PostgREST */; };
		DCD841FD2EE038F800563D18 /* Realtime in Frameworks */ = {isa = PBXBuildFile; productRef = DCD841FC2EE038F800563D18 /* Realtime */; };
		DCD841FF2EE038F800563D18 /* Storage in Frameworks */ = {isa = PBXBuildFile; productRef = DCD841FE2EE038F800563D18 /* Storage */; };
		DCD842112EE03D6600563D18 /* Supabase in Frameworks */ = {isa = PBXBuildFile; productRef = DCD842102EE03D6600563D18 /* Supabase */; };
		USDA00000000000000000001 /* usda_nutrients.db in Resources */ = {isa = PBXBuildFile; fileRef = USDA00000000000000000002 /* usda_nutrients.db */; };
/* End PBXBuildFile section */

/* Begin PBXContainerItemProxy section */
		DCE02B072EE2D80300E695FB /* PBXContainerItemProxy */ = {
			isa = PBXContainerItemProxy;
			containerPortal = DC65CB792EB8EA5900B066D7 /* Project object */;
			proxyType = 1;
			remoteGlobalIDString = DC65CB802EB8EA5900B066D7;
			remoteInfo = Food1;
		};
/* End PBXContainerItemProxy section */

/* Begin PBXFileReference section */
		DC65CB812EB8EA5900B066D7 /* Food1.app */ = {isa = PBXFileReference; explicitFileType = wrapper.application; includeInIndex = 0; path = Food1.app; sourceTree = BUILT_PRODUCTS_DIR; };
		DC9FFC622ED4831E00FE62FB /* food1.icon */ = {isa = PBXFileReference; lastKnownFileType = folder.iconcomposer.icon; path = food1.icon; sourceTree = "<group>"; };
		DCE02B032EE2D80300E695FB /* Food1Tests.xctest */ = {isa = PBXFileReference; explicitFileType = wrapper.cfbundle; includeInIndex = 0; path = Food1Tests.xctest; sourceTree = BUILT_PRODUCTS_DIR; };
		DCE02B102EE2D8A700E695FB /* Food1.xctestplan */ = {isa = PBXFileReference; lastKnownFileType = file; path = Food1.xctestplan; sourceTree = "<group>"; };
		USDA00000000000000000002 /* usda_nutrients.db */ = {isa = PBXFileReference; lastKnownFileType = file; name = usda_nutrients.db; path = Food1/Data/usda_nutrients.db; sourceTree = "<group>"; };
/* End PBXFileReference section */

/* Begin PBXFileSystemSynchronizedBuildFileExceptionSet section */
		DCE74BF62ED46F8500C0F394 /* Exceptions for "Food1" folder in "Food1" target */ = {
			isa = PBXFileSystemSynchronizedBuildFileExceptionSet;
			membershipExceptions = (
				Info.plist,
			);
			target = DC65CB802EB8EA5900B066D7 /* Food1 */;
		};
/* End PBXFileSystemSynchronizedBuildFileExceptionSet section */

/* Begin PBXFileSystemSynchronizedRootGroup section */
		DC65CB832EB8EA5900B066D7 /* Food1 */ = {
			isa = PBXFileSystemSynchronizedRootGroup;
			exceptions = (
				DCE74BF62ED46F8500C0F394 /* Exceptions for "Food1" folder in "Food1" target */,
			);
			path = Food1;
			sourceTree = "<group>";
		};
		DCE02B042EE2D80300E695FB /* Food1Tests */ = {
			isa = PBXFileSystemSynchronizedRootGroup;
			path = Food1Tests;
			sourceTree = "<group>";
		};
/* End PBXFileSystemSynchronizedRootGroup section */

/* Begin PBXFrameworksBuildPhase section */
		DC65CB7E2EB8EA5900B066D7 /* Frameworks */ = {
			isa = PBXFrameworksBuildPhase;
			buildActionMask = 2147483647;
			files = (
				DCD841FF2EE038F800563D18 /* Storage in Frameworks */,
				DC5B52C02EBBA3B500D0439E /* MLXLMCommon in Frameworks */,
				DC5B52BC2EBBA3A900D0439E /* MLXFast in Frameworks */,
				DC5B52C22EBBA3BC00D0439E /* MLXVLM in Frameworks */,
				DCD841F92EE038F800563D18 /* Functions in Frameworks */,
				DCD841FB2EE038F800563D18 /* PostgREST in Frameworks */,
				DC5B52C42EBBA3C000D0439E /* MLXLLM in Frameworks */,
				DC5B52BA2EBBA39900D0439E /* MLXNN in Frameworks */,
				DC5B52B82EBBA39500D0439E /* MLX in Frameworks */,
				DCD841F72EE038F800563D18 /* Auth in Frameworks */,
				DC5B52BE2EBBA3AE00D0439E /* MLXRandom in Frameworks */,
				DCD841FD2EE038F800563D18 /* Realtime in Frameworks */,
				DCD842112EE03D6600563D18 /* Supabase in Frameworks */,
			);
			runOnlyForDeploymentPostprocessing = 0;
		};
		DCE02B002EE2D80300E695FB /* Frameworks */ = {
			isa = PBXFrameworksBuildPhase;
			buildActionMask = 2147483647;
			files = (
			);
			runOnlyForDeploymentPostprocessing = 0;
		};
/* End PBXFrameworksBuildPhase section */

/* Begin PBXGroup section */
		DC5B52B62EBBA39500D0439E /* Frameworks */ = {
			isa = PBXGroup;
			children = (
			);
			name = Frameworks;
			sourceTree = "<group>";
		};
		DC65CB782EB8EA5900B066D7 = {
			isa = PBXGroup;
			children = (
				DCE02B102EE2D8A700E695FB /* Food1.xctestplan */,
				DC65CB832EB8EA5900B066D7 /* Food1 */,
				DCE02B042EE2D80300E695FB /* Food1Tests */,
				DC65CB822EB8EA5900B066D7 /* Products */,
				DC5B52B62EBBA39500D0439E /* Frameworks */,
				DCBD08E72EBFA23400F8867C /* Recovered References */,
				DC9FFC622ED4831E00FE62FB /* food1.icon */,
			);
			sourceTree = "<group>";
		};
		DC65CB822EB8EA5900B066D7 /* Products */ = {
			isa = PBXGroup;
			children = (
				DC65CB812EB8EA5900B066D7 /* Food1.app */,
				DCE02B032EE2D80300E695FB /* Food1Tests.xctest */,
			);
			name = Products;
			sourceTree = "<group>";
		};
		DCBD08E72EBFA23400F8867C /* Recovered References */ = {
			isa = PBXGroup;
			children = (
				USDA00000000000000000002 /* usda_nutrients.db */,
			);
			name = "Recovered References";
			sourceTree = "<group>";
		};
/* End PBXGroup section */

/* Begin PBXNativeTarget section */
		DC65CB802EB8EA5900B066D7 /* Food1 */ = {
			isa = PBXNativeTarget;
			buildConfigurationList = DC65CB8C2EB8EA5A00B066D7 /* Build configuration list for PBXNativeTarget "Food1" */;
			buildPhases = (
				DC65CB7D2EB8EA5900B066D7 /* Sources */,
				DC65CB7E2EB8EA5900B066D7 /* Frameworks */,
				DC65CB7F2EB8EA5900B066D7 /* Resources */,
			);
			buildRules = (
			);
			dependencies = (
			);
			fileSystemSynchronizedGroups = (
				DC65CB832EB8EA5900B066D7 /* Food1 */,
			);
			name = Food1;
			packageProductDependencies = (
				DC5B52B72EBBA39500D0439E /* MLX */,
				DC5B52B92EBBA39900D0439E /* MLXNN */,
				DC5B52BB2EBBA3A900D0439E /* MLXFast */,
				DC5B52BD2EBBA3AE00D0439E /* MLXRandom */,
				DC5B52BF2EBBA3B500D0439E /* MLXLMCommon */,
				DC5B52C12EBBA3BC00D0439E /* MLXVLM */,
				DC5B52C32EBBA3C000D0439E /* MLXLLM */,
				DCD841F62EE038F800563D18 /* Auth */,
				DCD841F82EE038F800563D18 /* Functions */,
				DCD841FA2EE038F800563D18 /* PostgREST */,
				DCD841FC2EE038F800563D18 /* Realtime */,
				DCD841FE2EE038F800563D18 /* Storage */,
				DCD842102EE03D6600563D18 /* Supabase */,
			);
			productName = Food1;
			productReference = DC65CB812EB8EA5900B066D7 /* Food1.app */;
			productType = "com.apple.product-type.application";
		};
		DCE02B022EE2D80300E695FB /* Food1Tests */ = {
			isa = PBXNativeTarget;
			buildConfigurationList = DCE02B0B2EE2D80300E695FB /* Build configuration list for PBXNativeTarget "Food1Tests" */;
			buildPhases = (
				DCE02AFF2EE2D80300E695FB /* Sources */,
				DCE02B002EE2D80300E695FB /* Frameworks */,
				DCE02B012EE2D80300E695FB /* Resources */,
			);
			buildRules = (
			);
			dependencies = (
				DCE02B082EE2D80300E695FB /* PBXTargetDependency */,
			);
			fileSystemSynchronizedGroups = (
				DCE02B042EE2D80300E695FB /* Food1Tests */,
			);
			name = Food1Tests;
			packageProductDependencies = (
			);
			productName = Food1Tests;
			productReference = DCE02B032EE2D80300E695FB /* Food1Tests.xctest */;
			productType = "com.apple.product-type.bundle.unit-test";
		};
/* End PBXNativeTarget section */

/* Begin PBXProject section */
		DC65CB792EB8EA5900B066D7 /* Project object */ = {
			isa = PBXProject;
			attributes = {
				BuildIndependentTargetsInParallel = 1;
				LastSwiftUpdateCheck = 2610;
				LastUpgradeCheck = 2600;
				TargetAttributes = {
					DC65CB802EB8EA5900B066D7 = {
						CreatedOnToolsVersion = 26.0.1;
					};
					DCE02B022EE2D80300E695FB = {
						CreatedOnToolsVersion = 26.1.1;
						TestTargetID = DC65CB802EB8EA5900B066D7;
					};
				};
			};
			buildConfigurationList = DC65CB7C2EB8EA5900B066D7 /* Build configuration list for PBXProject "Food1" */;
			developmentRegion = en;
			hasScannedForEncodings = 0;
			knownRegions = (
				en,
				Base,
			);
			mainGroup = DC65CB782EB8EA5900B066D7;
			minimizedProjectReferenceProxies = 1;
			packageReferences = (
				DC5B51762EBB6C0A00D0439E /* XCRemoteSwiftPackageReference "mlx-swift" */,
				DC5B51772EBB6C3600D0439E /* XCRemoteSwiftPackageReference "mlx-swift-examples" */,
				DCD841F52EE038F800563D18 /* XCRemoteSwiftPackageReference "supabase-swift" */,
			);
			preferredProjectObjectVersion = 77;
			productRefGroup = DC65CB822EB8EA5900B066D7 /* Products */;
			projectDirPath = "";
			projectRoot = "";
			targets = (
				DC65CB802EB8EA5900B066D7 /* Food1 */,
				DCE02B022EE2D80300E695FB /* Food1Tests */,
			);
		};
/* End PBXProject section */

/* Begin PBXResourcesBuildPhase section */
		DC65CB7F2EB8EA5900B066D7 /* Resources */ = {
			isa = PBXResourcesBuildPhase;
			buildActionMask = 2147483647;
			files = (
				DC9FFC632ED4831E00FE62FB /* food1.icon in Resources */,
				USDA00000000000000000001 /* usda_nutrients.db in Resources */,
			);
			runOnlyForDeploymentPostprocessing = 0;
		};
		DCE02B012EE2D80300E695FB /* Resources */ = {
			isa = PBXResourcesBuildPhase;
			buildActionMask = 2147483647;
			files = (
			);
			runOnlyForDeploymentPostprocessing = 0;
		};
/* End PBXResourcesBuildPhase section */

/* Begin PBXSourcesBuildPhase section */
		DC65CB7D2EB8EA5900B066D7 /* Sources */ = {
			isa = PBXSourcesBuildPhase;
			buildActionMask = 2147483647;
			files = (
			);
			runOnlyForDeploymentPostprocessing = 0;
		};
		DCE02AFF2EE2D80300E695FB /* Sources */ = {
			isa = PBXSourcesBuildPhase;
			buildActionMask = 2147483647;
			files = (
			);
			runOnlyForDeploymentPostprocessing = 0;
		};
/* End PBXSourcesBuildPhase section */

/* Begin PBXTargetDependency section */
		DCE02B082EE2D80300E695FB /* PBXTargetDependency */ = {
			isa = PBXTargetDependency;
			target = DC65CB802EB8EA5900B066D7 /* Food1 */;
			targetProxy = DCE02B072EE2D80300E695FB /* PBXContainerItemProxy */;
		};
/* End PBXTargetDependency section */

/* Begin XCBuildConfiguration section */
		DC65CB8A2EB8EA5A00B066D7 /* Debug */ = {
			isa = XCBuildConfiguration;
			baseConfigurationReferenceAnchor = DC65CB832EB8EA5900B066D7 /* Food1 */;
			baseConfigurationReferenceRelativePath = Config/Secrets.xcconfig;
			buildSettings = {
				ALWAYS_SEARCH_USER_PATHS = NO;
				ASSETCATALOG_COMPILER_GENERATE_SWIFT_ASSET_SYMBOL_EXTENSIONS = YES;
				CLANG_ANALYZER_NONNULL = YES;
				CLANG_ANALYZER_NUMBER_OBJECT_CONVERSION = YES_AGGRESSIVE;
				CLANG_CXX_LANGUAGE_STANDARD = "gnu++20";
				CLANG_ENABLE_MODULES = YES;
				CLANG_ENABLE_OBJC_ARC = YES;
				CLANG_ENABLE_OBJC_WEAK = YES;
				CLANG_WARN_BLOCK_CAPTURE_AUTORELEASING = YES;
				CLANG_WARN_BOOL_CONVERSION = YES;
				CLANG_WARN_COMMA = YES;
				CLANG_WARN_CONSTANT_CONVERSION = YES;
				CLANG_WARN_DEPRECATED_OBJC_IMPLEMENTATIONS = YES;
				CLANG_WARN_DIRECT_OBJC_ISA_USAGE = YES_ERROR;
				CLANG_WARN_DOCUMENTATION_COMMENTS = YES;
				CLANG_WARN_EMPTY_BODY = YES;
				CLANG_WARN_ENUM_CONVERSION = YES;
				CLANG_WARN_INFINITE_RECURSION = YES;
				CLANG_WARN_INT_CONVERSION = YES;
				CLANG_WARN_NON_LITERAL_NULL_CONVERSION = YES;
				CLANG_WARN_OBJC_IMPLICIT_RETAIN_SELF = YES;
				CLANG_WARN_OBJC_LITERAL_CONVERSION = YES;
				CLANG_WARN_OBJC_ROOT_CLASS = YES_ERROR;
				CLANG_WARN_QUOTED_INCLUDE_IN_FRAMEWORK_HEADER = YES;
				CLANG_WARN_RANGE_LOOP_ANALYSIS = YES;
				CLANG_WARN_STRICT_PROTOTYPES = YES;
				CLANG_WARN_SUSPICIOUS_MOVE = YES;
				CLANG_WARN_UNGUARDED_AVAILABILITY = YES_AGGRESSIVE;
				CLANG_WARN_UNREACHABLE_CODE = YES;
				CLANG_WARN__DUPLICATE_METHOD_MATCH = YES;
				COPY_PHASE_STRIP = NO;
				DEBUG_INFORMATION_FORMAT = dwarf;
				ENABLE_STRICT_OBJC_MSGSEND = YES;
				ENABLE_TESTABILITY = YES;
				ENABLE_USER_SCRIPT_SANDBOXING = YES;
				GCC_C_LANGUAGE_STANDARD = gnu17;
				GCC_DYNAMIC_NO_PIC = NO;
				GCC_NO_COMMON_BLOCKS = YES;
				GCC_OPTIMIZATION_LEVEL = 0;
				GCC_PREPROCESSOR_DEFINITIONS = (
					"DEBUG=1",
					"$(inherited)",
				);
				GCC_WARN_64_TO_32_BIT_CONVERSION = YES;
				GCC_WARN_ABOUT_RETURN_TYPE = YES_ERROR;
				GCC_WARN_UNDECLARED_SELECTOR = YES;
				GCC_WARN_UNINITIALIZED_AUTOS = YES_AGGRESSIVE;
				GCC_WARN_UNUSED_FUNCTION = YES;
				GCC_WARN_UNUSED_VARIABLE = YES;
				IPHONEOS_DEPLOYMENT_TARGET = 26.0;
				LOCALIZATION_PREFERS_STRING_CATALOGS = YES;
				MTL_ENABLE_DEBUG_INFO = INCLUDE_SOURCE;
				MTL_FAST_MATH = YES;
				ONLY_ACTIVE_ARCH = YES;
				SDKROOT = iphoneos;
				SWIFT_ACTIVE_COMPILATION_CONDITIONS = "DEBUG $(inherited)";
				SWIFT_OPTIMIZATION_LEVEL = "-Onone";
			};
			name = Debug;
		};
		DC65CB8B2EB8EA5A00B066D7 /* Release */ = {
			isa = XCBuildConfiguration;
			baseConfigurationReferenceAnchor = DC65CB832EB8EA5900B066D7 /* Food1 */;
			baseConfigurationReferenceRelativePath = Config/Secrets.xcconfig;
			buildSettings = {
				ALWAYS_SEARCH_USER_PATHS = NO;
				ASSETCATALOG_COMPILER_GENERATE_SWIFT_ASSET_SYMBOL_EXTENSIONS = YES;
				CLANG_ANALYZER_NONNULL = YES;
				CLANG_ANALYZER_NUMBER_OBJECT_CONVERSION = YES_AGGRESSIVE;
				CLANG_CXX_LANGUAGE_STANDARD = "gnu++20";
				CLANG_ENABLE_MODULES = YES;
				CLANG_ENABLE_OBJC_ARC = YES;
				CLANG_ENABLE_OBJC_WEAK = YES;
				CLANG_WARN_BLOCK_CAPTURE_AUTORELEASING = YES;
				CLANG_WARN_BOOL_CONVERSION = YES;
				CLANG_WARN_COMMA = YES;
				CLANG_WARN_CONSTANT_CONVERSION = YES;
				CLANG_WARN_DEPRECATED_OBJC_IMPLEMENTATIONS = YES;
				CLANG_WARN_DIRECT_OBJC_ISA_USAGE = YES_ERROR;
				CLANG_WARN_DOCUMENTATION_COMMENTS = YES;
				CLANG_WARN_EMPTY_BODY = YES;
				CLANG_WARN_ENUM_CONVERSION = YES;
				CLANG_WARN_INFINITE_RECURSION = YES;
				CLANG_WARN_INT_CONVERSION = YES;
				CLANG_WARN_NON_LITERAL_NULL_CONVERSION = YES;
				CLANG_WARN_OBJC_IMPLICIT_RETAIN_SELF = YES;
				CLANG_WARN_OBJC_LITERAL_CONVERSION = YES;
				CLANG_WARN_OBJC_ROOT_CLASS = YES_ERROR;
				CLANG_WARN_QUOTED_INCLUDE_IN_FRAMEWORK_HEADER = YES;
				CLANG_WARN_RANGE_LOOP_ANALYSIS = YES;
				CLANG_WARN_STRICT_PROTOTYPES = YES;
				CLANG_WARN_SUSPICIOUS_MOVE = YES;
				CLANG_WARN_UNGUARDED_AVAILABILITY = YES_AGGRESSIVE;
				CLANG_WARN_UNREACHABLE_CODE = YES;
				CLANG_WARN__DUPLICATE_METHOD_MATCH = YES;
				COPY_PHASE_STRIP = NO;
				DEBUG_INFORMATION_FORMAT = "dwarf-with-dsym";
				ENABLE_NS_ASSERTIONS = NO;
				ENABLE_STRICT_OBJC_MSGSEND = YES;
				ENABLE_USER_SCRIPT_SANDBOXING = YES;
				GCC_C_LANGUAGE_STANDARD = gnu17;
				GCC_NO_COMMON_BLOCKS = YES;
				GCC_WARN_64_TO_32_BIT_CONVERSION = YES;
				GCC_WARN_ABOUT_RETURN_TYPE = YES_ERROR;
				GCC_WARN_UNDECLARED_SELECTOR = YES;
				GCC_WARN_UNINITIALIZED_AUTOS = YES_AGGRESSIVE;
				GCC_WARN_UNUSED_FUNCTION = YES;
				GCC_WARN_UNUSED_VARIABLE = YES;
				IPHONEOS_DEPLOYMENT_TARGET = 26.0;
				LOCALIZATION_PREFERS_STRING_CATALOGS = YES;
				MTL_ENABLE_DEBUG_INFO = NO;
				MTL_FAST_MATH = YES;
				SDKROOT = iphoneos;
				SWIFT_COMPILATION_MODE = wholemodule;
				VALIDATE_PRODUCT = YES;
			};
			name = Release;
		};
		DC65CB8D2EB8EA5A00B066D7 /* Debug */ = {
			isa = XCBuildConfiguration;
			baseConfigurationReferenceAnchor = DC65CB832EB8EA5900B066D7 /* Food1 */;
			baseConfigurationReferenceRelativePath = Config/Secrets.xcconfig;
			buildSettings = {
				ASSETCATALOG_COMPILER_APPICON_NAME = food1;
				ASSETCATALOG_COMPILER_GLOBAL_ACCENT_COLOR_NAME = AccentColor;
				ASSETCATALOG_COMPILER_INCLUDE_ALL_APPICON_ASSETS = NO;
				CODE_SIGN_ENTITLEMENTS = Food1/Food1.entitlements;
				CODE_SIGN_STYLE = Automatic;
				CURRENT_PROJECT_VERSION = 2025112501;
				DEVELOPMENT_TEAM = UJ4482ZF9C;
				ENABLE_PREVIEWS = YES;
				FRAMEWORK_SEARCH_PATHS = "$(inherited)";
				GENERATE_INFOPLIST_FILE = YES;
				INFOPLIST_FILE = Food1/Info.plist;
				INFOPLIST_KEY_CFBundleDisplayName = Prismae;
				INFOPLIST_KEY_ITSAppUsesNonExemptEncryption = NO;
				INFOPLIST_KEY_LSApplicationCategoryType = "public.app-category.healthcare-fitness";
				INFOPLIST_KEY_NSCameraUsageDescription = "We need access to your camera to recognize food items and automatically log nutrition information.";
				INFOPLIST_KEY_NSPhotoLibraryAddUsageDescription = "We need permission to save photos you capture for meal logging.";
				INFOPLIST_KEY_NSPhotoLibraryUsageDescription = "We need access to your photo library so you can select food photos for recognition.";
				INFOPLIST_KEY_UIApplicationSceneManifest_Generation = YES;
				INFOPLIST_KEY_UIApplicationSupportsIndirectInputEvents = YES;
				INFOPLIST_KEY_UILaunchScreen_Generation = YES;
				INFOPLIST_KEY_UIStatusBarHidden = NO;
				INFOPLIST_KEY_UISupportedInterfaceOrientations = UIInterfaceOrientationPortrait;
				LD_RUNPATH_SEARCH_PATHS = (
					"$(inherited)",
					"@executable_path/Frameworks",
				);
				MARKETING_VERSION = 1.01;
				PRODUCT_BUNDLE_IDENTIFIER = com.filipolszak.Food1;
				PRODUCT_NAME = "$(TARGET_NAME)";
				STRING_CATALOG_GENERATE_SYMBOLS = YES;
				SUPPORTED_PLATFORMS = "iphoneos iphonesimulator";
				SUPPORTS_MACCATALYST = NO;
				SUPPORTS_MAC_DESIGNED_FOR_IPHONE_IPAD = NO;
				SUPPORTS_XR_DESIGNED_FOR_IPHONE_IPAD = NO;
				SWIFT_APPROACHABLE_CONCURRENCY = YES;
				SWIFT_EMIT_LOC_STRINGS = YES;
				SWIFT_UPCOMING_FEATURE_MEMBER_IMPORT_VISIBILITY = YES;
				SWIFT_VERSION = 5.0;
				TARGETED_DEVICE_FAMILY = 1;
			};
			name = Debug;
		};
		DC65CB8E2EB8EA5A00B066D7 /* Release */ = {
			isa = XCBuildConfiguration;
			baseConfigurationReferenceAnchor = DC65CB832EB8EA5900B066D7 /* Food1 */;
			baseConfigurationReferenceRelativePath = Config/Secrets.xcconfig;
			buildSettings = {
				ASSETCATALOG_COMPILER_APPICON_NAME = food1;
				ASSETCATALOG_COMPILER_GLOBAL_ACCENT_COLOR_NAME = AccentColor;
				ASSETCATALOG_COMPILER_INCLUDE_ALL_APPICON_ASSETS = NO;
				CODE_SIGN_ENTITLEMENTS = Food1/Food1Release.entitlements;
				CODE_SIGN_STYLE = Automatic;
				CURRENT_PROJECT_VERSION = 2025112501;
				DEVELOPMENT_TEAM = UJ4482ZF9C;
				ENABLE_PREVIEWS = YES;
				FRAMEWORK_SEARCH_PATHS = "$(inherited)";
				GENERATE_INFOPLIST_FILE = YES;
				INFOPLIST_FILE = Food1/Info.plist;
				INFOPLIST_KEY_CFBundleDisplayName = Prismae;
				INFOPLIST_KEY_ITSAppUsesNonExemptEncryption = NO;
				INFOPLIST_KEY_LSApplicationCategoryType = "public.app-category.healthcare-fitness";
				INFOPLIST_KEY_NSCameraUsageDescription = "We need access to your camera to recognize food items and automatically log nutrition information.";
				INFOPLIST_KEY_NSPhotoLibraryAddUsageDescription = "We need permission to save photos you capture for meal logging.";
				INFOPLIST_KEY_NSPhotoLibraryUsageDescription = "We need access to your photo library so you can select food photos for recognition.";
				INFOPLIST_KEY_UIApplicationSceneManifest_Generation = YES;
				INFOPLIST_KEY_UIApplicationSupportsIndirectInputEvents = YES;
				INFOPLIST_KEY_UILaunchScreen_Generation = YES;
				INFOPLIST_KEY_UIStatusBarHidden = NO;
				INFOPLIST_KEY_UISupportedInterfaceOrientations = UIInterfaceOrientationPortrait;
				LD_RUNPATH_SEARCH_PATHS = (
					"$(inherited)",
					"@executable_path/Frameworks",
				);
				MARKETING_VERSION = 1.01;
				PRODUCT_BUNDLE_IDENTIFIER = com.filipolszak.Food1;
				PRODUCT_NAME = "$(TARGET_NAME)";
				STRING_CATALOG_GENERATE_SYMBOLS = YES;
				SUPPORTED_PLATFORMS = "iphoneos iphonesimulator";
				SUPPORTS_MACCATALYST = NO;
				SUPPORTS_MAC_DESIGNED_FOR_IPHONE_IPAD = NO;
				SUPPORTS_XR_DESIGNED_FOR_IPHONE_IPAD = NO;
				SWIFT_APPROACHABLE_CONCURRENCY = YES;
				SWIFT_EMIT_LOC_STRINGS = YES;
				SWIFT_UPCOMING_FEATURE_MEMBER_IMPORT_VISIBILITY = YES;
				SWIFT_VERSION = 5.0;
				TARGETED_DEVICE_FAMILY = 1;
			};
			name = Release;
		};
		DCE02B092EE2D80300E695FB /* Debug */ = {
			isa = XCBuildConfiguration;
			buildSettings = {
				BUNDLE_LOADER = "$(TEST_HOST)";
				CODE_SIGN_STYLE = Automatic;
				CURRENT_PROJECT_VERSION = 1;
				DEVELOPMENT_TEAM = UJ4482ZF9C;
				GENERATE_INFOPLIST_FILE = YES;
				IPHONEOS_DEPLOYMENT_TARGET = 26.0;
				MARKETING_VERSION = 1.0;
				PRODUCT_BUNDLE_IDENTIFIER = com.filipolszak.Food1Tests;
				PRODUCT_NAME = "$(TARGET_NAME)";
				STRING_CATALOG_GENERATE_SYMBOLS = NO;
				SWIFT_APPROACHABLE_CONCURRENCY = YES;
				SWIFT_EMIT_LOC_STRINGS = NO;
				SWIFT_UPCOMING_FEATURE_MEMBER_IMPORT_VISIBILITY = YES;
				SWIFT_VERSION = 5.0;
				TARGETED_DEVICE_FAMILY = "1,2";
				TEST_HOST = "$(BUILT_PRODUCTS_DIR)/Food1.app/$(BUNDLE_EXECUTABLE_FOLDER_PATH)/Food1";
			};
			name = Debug;
		};
		DCE02B0A2EE2D80300E695FB /* Release */ = {
			isa = XCBuildConfiguration;
			buildSettings = {
				BUNDLE_LOADER = "$(TEST_HOST)";
				CODE_SIGN_STYLE = Automatic;
				CURRENT_PROJECT_VERSION = 1;
				DEVELOPMENT_TEAM = UJ4482ZF9C;
				GENERATE_INFOPLIST_FILE = YES;
				IPHONEOS_DEPLOYMENT_TARGET = 26.0;
				MARKETING_VERSION = 1.0;
				PRODUCT_BUNDLE_IDENTIFIER = com.filipolszak.Food1Tests;
				PRODUCT_NAME = "$(TARGET_NAME)";
				STRING_CATALOG_GENERATE_SYMBOLS = NO;
				SWIFT_APPROACHABLE_CONCURRENCY = YES;
				SWIFT_EMIT_LOC_STRINGS = NO;
				SWIFT_UPCOMING_FEATURE_MEMBER_IMPORT_VISIBILITY = YES;
				SWIFT_VERSION = 5.0;
				TARGETED_DEVICE_FAMILY = "1,2";
				TEST_HOST = "$(BUILT_PRODUCTS_DIR)/Food1.app/$(BUNDLE_EXECUTABLE_FOLDER_PATH)/Food1";
			};
			name = Release;
		};
/* End XCBuildConfiguration section */

/* Begin XCConfigurationList section */
		DC65CB7C2EB8EA5900B066D7 /* Build configuration list for PBXProject "Food1" */ = {
			isa = XCConfigurationList;
			buildConfigurations = (
				DC65CB8A2EB8EA5A00B066D7 /* Debug */,
				DC65CB8B2EB8EA5A00B066D7 /* Release */,
			);
			defaultConfigurationIsVisible = 0;
			defaultConfigurationName = Release;
		};
		DC65CB8C2EB8EA5A00B066D7 /* Build configuration list for PBXNativeTarget "Food1" */ = {
			isa = XCConfigurationList;
			buildConfigurations = (
				DC65CB8D2EB8EA5A00B066D7 /* Debug */,
				DC65CB8E2EB8EA5A00B066D7 /* Release */,
			);
			defaultConfigurationIsVisible = 0;
			defaultConfigurationName = Release;
		};
		DCE02B0B2EE2D80300E695FB /* Build configuration list for PBXNativeTarget "Food1Tests" */ = {
			isa = XCConfigurationList;
			buildConfigurations = (
				DCE02B092EE2D80300E695FB /* Debug */,
				DCE02B0A2EE2D80300E695FB /* Release */,
			);
			defaultConfigurationIsVisible = 0;
			defaultConfigurationName = Release;
		};
/* End XCConfigurationList section */

/* Begin XCRemoteSwiftPackageReference section */
		DC5B51762EBB6C0A00D0439E /* XCRemoteSwiftPackageReference "mlx-swift" */ = {
			isa = XCRemoteSwiftPackageReference;
			repositoryURL = "https://github.com/ml-explore/mlx-swift";
			requirement = {
				kind = exactVersion;
				version = 0.29.1;
			};
		};
		DC5B51772EBB6C3600D0439E /* XCRemoteSwiftPackageReference "mlx-swift-examples" */ = {
			isa = XCRemoteSwiftPackageReference;
			repositoryURL = "https://github.com/ml-explore/mlx-swift-examples";
			requirement = {
				kind = exactVersion;
				version = 2.29.1;
			};
		};
		DCD841F52EE038F800563D18 /* XCRemoteSwiftPackageReference "supabase-swift" */ = {
			isa = XCRemoteSwiftPackageReference;
			repositoryURL = "https://github.com/supabase/supabase-swift";
			requirement = {
				kind = upToNextMajorVersion;
				minimumVersion = 2.5.1;
			};
		};
/* End XCRemoteSwiftPackageReference section */

/* Begin XCSwiftPackageProductDependency section */
		DC5B52B72EBBA39500D0439E /* MLX */ = {
			isa = XCSwiftPackageProductDependency;
			package = DC5B51762EBB6C0A00D0439E /* XCRemoteSwiftPackageReference "mlx-swift" */;
			productName = MLX;
		};
		DC5B52B92EBBA39900D0439E /* MLXNN */ = {
			isa = XCSwiftPackageProductDependency;
			package = DC5B51762EBB6C0A00D0439E /* XCRemoteSwiftPackageReference "mlx-swift" */;
			productName = MLXNN;
		};
		DC5B52BB2EBBA3A900D0439E /* MLXFast */ = {
			isa = XCSwiftPackageProductDependency;
			package = DC5B51762EBB6C0A00D0439E /* XCRemoteSwiftPackageReference "mlx-swift" */;
			productName = MLXFast;
		};
		DC5B52BD2EBBA3AE00D0439E /* MLXRandom */ = {
			isa = XCSwiftPackageProductDependency;
			package = DC5B51762EBB6C0A00D0439E /* XCRemoteSwiftPackageReference "mlx-swift" */;
			productName = MLXRandom;
		};
		DC5B52BF2EBBA3B500D0439E /* MLXLMCommon */ = {
			isa = XCSwiftPackageProductDependency;
			package = DC5B51772EBB6C3600D0439E /* XCRemoteSwiftPackageReference "mlx-swift-examples" */;
			productName = MLXLMCommon;
		};
		DC5B52C12EBBA3BC00D0439E /* MLXVLM */ = {
			isa = XCSwiftPackageProductDependency;
			package = DC5B51772EBB6C3600D0439E /* XCRemoteSwiftPackageReference "mlx-swift-examples" */;
			productName = MLXVLM;
		};
		DC5B52C32EBBA3C000D0439E /* MLXLLM */ = {
			isa = XCSwiftPackageProductDependency;
			package = DC5B51772EBB6C3600D0439E /* XCRemoteSwiftPackageReference "mlx-swift-examples" */;
			productName = MLXLLM;
		};
		DCD841F62EE038F800563D18 /* Auth */ = {
			isa = XCSwiftPackageProductDependency;
			package = DCD841F52EE038F800563D18 /* XCRemoteSwiftPackageReference "supabase-swift" */;
			productName = Auth;
		};
		DCD841F82EE038F800563D18 /* Functions */ = {
			isa = XCSwiftPackageProductDependency;
			package = DCD841F52EE038F800563D18 /* XCRemoteSwiftPackageReference "supabase-swift" */;
			productName = Functions;
		};
		DCD841FA2EE038F800563D18 /* PostgREST */ = {
			isa = XCSwiftPackageProductDependency;
			package = DCD841F52EE038F800563D18 /* XCRemoteSwiftPackageReference "supabase-swift" */;
			productName = PostgREST;
		};
		DCD841FC2EE038F800563D18 /* Realtime */ = {
			isa = XCSwiftPackageProductDependency;
			package = DCD841F52EE038F800563D18 /* XCRemoteSwiftPackageReference "supabase-swift" */;
			productName = Realtime;
		};
		DCD841FE2EE038F800563D18 /* Storage */ = {
			isa = XCSwiftPackageProductDependency;
			package = DCD841F52EE038F800563D18 /* XCRemoteSwiftPackageReference "supabase-swift" */;
			productName = Storage;
		};
		DCD842102EE03D6600563D18 /* Supabase */ = {
			isa = XCSwiftPackageProductDependency;
			package = DCD841F52EE038F800563D18 /* XCRemoteSwiftPackageReference "supabase-swift" */;
			productName = Supabase;
		};
/* End XCSwiftPackageProductDependency section */
	};
	rootObject = DC65CB792EB8EA5900B066D7 /* Project object */;
}
